
Microsoft Visual Studio Solution File, Format Version 12.00
# Visual Studio 2013
VisualStudioVersion = 12.0.21005.1
MinimumVisualStudioVersion = 10.0.40219.1
Project("{2150E333-8FDC-42A3-9474-1A3956D46DE8}") = "HW3", "HW3", "{821D2101-782E-41A7-8C3E-F64D1AA14F0C}"
EndProject
Project("{FAE04EC0-301F-11D3-BF4B-00C04F79EFBC}") = "HW3", "HW3\HW3.csproj", "{CC00D856-3AD0-4F45-85B4-28ADB0E518F5}"
EndProject
Global
	GlobalSection(SolutionConfigurationPlatforms) = preSolution
		Debug|Any CPU = Debug|Any CPU
		Release|Any CPU = Release|Any CPU
	EndGlobalSection
	GlobalSection(ProjectConfigurationPlatforms) = postSolution
		{CC00D856-3AD0-4F45-85B4-28ADB0E518F5}.Debug|Any CPU.ActiveCfg = Debug|Any CPU
		{CC00D856-3AD0-4F45-85B4-28ADB0E518F5}.Debug|Any CPU.Build.0 = Debug|Any CPU
		{CC00D856-3AD0-4F45-85B4-28ADB0E518F5}.Release|Any CPU.ActiveCfg = Release|Any CPU
		{CC00D856-3AD0-4F45-85B4-28ADB0E518F5}.Release|Any CPU.Build.0 = Release|Any CPU
	EndGlobalSection
	GlobalSection(SolutionProperties) = preSolution
		HideSolutionNode = FALSE
	EndGlobalSection
	GlobalSection(NestedProjects) = preSolution
		{CC00D856-3AD0-4F45-85B4-28ADB0E518F5} = {821D2101-782E-41A7-8C3E-F64D1AA14F0C}
	EndGlobalSection
EndGlobal
